
Microsoft Visual Studio Solution File, Format Version 12.00
# Visual Studio Version 17
VisualStudioVersion = 17.3.32611.2
MinimumVisualStudioVersion = 10.0.40219.1
Project("{9A19103F-16F7-4668-BE54-9A1E7A4F7556}") = "ttshang.Domain", "src\ttshang.Domain\ttshang.Domain.csproj", "{554AD327-6DBA-4F8F-96F8-81CE7A0C863F}"
EndProject
Project("{9A19103F-16F7-4668-BE54-9A1E7A4F7556}") = "ttshang.Application", "src\ttshang.Application\ttshang.Application.csproj", "{1A94A50E-06DC-43C1-80B5-B662820EC3EB}"
EndProject
Project("{9A19103F-16F7-4668-BE54-9A1E7A4F7556}") = "ttshang.EntityFrameworkCore", "src\ttshang.EntityFrameworkCore\ttshang.EntityFrameworkCore.csproj", "{C956DD76-69C8-4A9C-83EA-D17DF83340FD}"
EndProject
Project("{2150E333-8FDC-42A3-9474-1A3956D46DE8}") = "src", "src", "{CA9AC87F-097E-4F15-8393-4BC07735A5B0}"
EndProject
Project("{2150E333-8FDC-42A3-9474-1A3956D46DE8}") = "test", "test", "{04DBDB01-70F4-4E06-B468-8F87850B22BE}"
EndProject
Project("{9A19103F-16F7-4668-BE54-9A1E7A4F7556}") = "ttshang.Application.Tests", "test\ttshang.Application.Tests\ttshang.Application.Tests.csproj", "{50B2631D-129C-47B3-A587-029CCD6099BC}"
EndProject
Project("{9A19103F-16F7-4668-BE54-9A1E7A4F7556}") = "ttshang.Domain.Shared", "src\ttshang.Domain.Shared\ttshang.Domain.Shared.csproj", "{42F719ED-8413-4895-B5B4-5AB56079BC66}"
EndProject
Project("{9A19103F-16F7-4668-BE54-9A1E7A4F7556}") = "ttshang.Application.Contracts", "src\ttshang.Application.Contracts\ttshang.Application.Contracts.csproj", "{520659C8-C734-4298-A3DA-B539DB9DFC0B}"
EndProject
Project("{9A19103F-16F7-4668-BE54-9A1E7A4F7556}") = "ttshang.HttpApi", "src\ttshang.HttpApi\ttshang.HttpApi.csproj", "{4164BDF7-F527-4E85-9CE6-E3C2D7426A27}"
EndProject
Project("{9A19103F-16F7-4668-BE54-9A1E7A4F7556}") = "ttshang.HttpApi.Client", "src\ttshang.HttpApi.Client\ttshang.HttpApi.Client.csproj", "{3B5A0094-670D-4BB1-BFDD-61B88A8773DC}"
EndProject
Project("{9A19103F-16F7-4668-BE54-9A1E7A4F7556}") = "ttshang.EntityFrameworkCore.Tests", "test\ttshang.EntityFrameworkCore.Tests\ttshang.EntityFrameworkCore.Tests.csproj", "{1FE30EB9-74A9-47F5-A9F6-7B1FAB672D81}"
EndProject
Project("{9A19103F-16F7-4668-BE54-9A1E7A4F7556}") = "ttshang.TestBase", "test\ttshang.TestBase\ttshang.TestBase.csproj", "{91853F21-9CD9-4132-BC29-A7D5D84FFFE7}"
EndProject
Project("{9A19103F-16F7-4668-BE54-9A1E7A4F7556}") = "ttshang.Domain.Tests", "test\ttshang.Domain.Tests\ttshang.Domain.Tests.csproj", "{E512F4D9-9375-480F-A2F6-A46509F9D824}"
EndProject
Project("{9A19103F-16F7-4668-BE54-9A1E7A4F7556}") = "ttshang.HttpApi.Client.ConsoleTestApp", "test\ttshang.HttpApi.Client.ConsoleTestApp\ttshang.HttpApi.Client.ConsoleTestApp.csproj", "{EF480016-9127-4916-8735-D2466BDBC582}"
EndProject
Project("{9A19103F-16F7-4668-BE54-9A1E7A4F7556}") = "ttshang.DbMigrator", "src\ttshang.DbMigrator\ttshang.DbMigrator.csproj", "{70680696-BB1E-4383-BCB2-42C3767171FB}"
EndProject
Project("{9A19103F-16F7-4668-BE54-9A1E7A4F7556}") = "ttshang.HttpApi.Host", "src\ttshang.HttpApi.Host\ttshang.HttpApi.Host.csproj", "{96E5259E-59A3-4FAF-BCD1-5BF8E74EF82C}"
EndProject
Project("{9A19103F-16F7-4668-BE54-9A1E7A4F7556}") = "ttshang.Blazor", "src\ttshang.Blazor\ttshang.Blazor.csproj", "{2DC842B5-1705-4097-AD37-E889C1B97950}"
EndProject
Project("{9A19103F-16F7-4668-BE54-9A1E7A4F7556}") = "ttshang.Blazor.Client", "src\ttshang.Blazor.Client\ttshang.Blazor.Client.csproj", "{9DF63919-581A-488B-BFE3-0622A500A56C}"
EndProject
Project("{2150E333-8FDC-42A3-9474-1A3956D46DE8}") = "modules", "modules", "{02EA681E-C7D8-13C7-8484-4AC65E1B71E8}"
EndProject
Project("{2150E333-8FDC-42A3-9474-1A3956D46DE8}") = "ttshang.thingmodel", "ttshang.thingmodel", "{B572B0E6-428F-468F-9761-6692D2CB24E9}"
EndProject
Project("{FAE04EC0-301F-11D3-BF4B-00C04F79EFBC}") = "ttshang.thingmodel.Application", "modules\ttshang.thingmodel\src\ttshang.thingmodel.Application\ttshang.thingmodel.Application.csproj", "{A3F3F8C6-8F5A-33B2-1364-FBCF9C97C52B}"
EndProject
Project("{FAE04EC0-301F-11D3-BF4B-00C04F79EFBC}") = "ttshang.thingmodel.Application.Contracts", "modules\ttshang.thingmodel\src\ttshang.thingmodel.Application.Contracts\ttshang.thingmodel.Application.Contracts.csproj", "{1E03D828-6C59-FCFE-314E-D8FC74D2CED8}"
EndProject
Project("{FAE04EC0-301F-11D3-BF4B-00C04F79EFBC}") = "ttshang.thingmodel.Blazor", "modules\ttshang.thingmodel\src\ttshang.thingmodel.Blazor\ttshang.thingmodel.Blazor.csproj", "{705EDAB3-77FC-0E13-A6D4-87440D2F3807}"
EndProject
Project("{FAE04EC0-301F-11D3-BF4B-00C04F79EFBC}") = "ttshang.thingmodel.Blazor.WebAssembly", "modules\ttshang.thingmodel\src\ttshang.thingmodel.Blazor.WebAssembly\ttshang.thingmodel.Blazor.WebAssembly.csproj", "{CDFD23B3-BA2C-AFAD-230D-D506C1D90C40}"
EndProject
Project("{FAE04EC0-301F-11D3-BF4B-00C04F79EFBC}") = "ttshang.thingmodel.Blazor.WebAssembly.Bundling", "modules\ttshang.thingmodel\src\ttshang.thingmodel.Blazor.WebAssembly.Bundling\ttshang.thingmodel.Blazor.WebAssembly.Bundling.csproj", "{00A414BC-1887-B88F-C41C-944009565A87}"
EndProject
Project("{FAE04EC0-301F-11D3-BF4B-00C04F79EFBC}") = "ttshang.thingmodel.Domain", "modules\ttshang.thingmodel\src\ttshang.thingmodel.Domain\ttshang.thingmodel.Domain.csproj", "{FB1527D6-AA7C-1A0D-02E6-B123D878EC98}"
EndProject
Project("{FAE04EC0-301F-11D3-BF4B-00C04F79EFBC}") = "ttshang.thingmodel.Domain.Shared", "modules\ttshang.thingmodel\src\ttshang.thingmodel.Domain.Shared\ttshang.thingmodel.Domain.Shared.csproj", "{804B0714-6AE4-E5EF-CAC3-0D4F8047814C}"
EndProject
Project("{FAE04EC0-301F-11D3-BF4B-00C04F79EFBC}") = "ttshang.thingmodel.EntityFrameworkCore", "modules\ttshang.thingmodel\src\ttshang.thingmodel.EntityFrameworkCore\ttshang.thingmodel.EntityFrameworkCore.csproj", "{8EF1102C-D658-62AA-5795-8BFC21ACC5EC}"
EndProject
Project("{FAE04EC0-301F-11D3-BF4B-00C04F79EFBC}") = "ttshang.thingmodel.HttpApi", "modules\ttshang.thingmodel\src\ttshang.thingmodel.HttpApi\ttshang.thingmodel.HttpApi.csproj", "{5B2DB256-4D83-C973-FDA3-0531E8A08A65}"
EndProject
Project("{FAE04EC0-301F-11D3-BF4B-00C04F79EFBC}") = "ttshang.thingmodel.HttpApi.Client", "modules\ttshang.thingmodel\src\ttshang.thingmodel.HttpApi.Client\ttshang.thingmodel.HttpApi.Client.csproj", "{83D1616E-EFDF-EF69-43C1-7EE7B36F3A8C}"
EndProject
Project("{FAE04EC0-301F-11D3-BF4B-00C04F79EFBC}") = "ttshang.thingmodel.Installer", "modules\ttshang.thingmodel\src\ttshang.thingmodel.Installer\ttshang.thingmodel.Installer.csproj", "{877D8AAC-E9F9-2847-2C2B-5C681E30EBCE}"
EndProject
Global
	GlobalSection(SolutionConfigurationPlatforms) = preSolution
		Debug|Any CPU = Debug|Any CPU
		Release|Any CPU = Release|Any CPU
	EndGlobalSection
	GlobalSection(ProjectConfigurationPlatforms) = postSolution
		{554AD327-6DBA-4F8F-96F8-81CE7A0C863F}.Debug|Any CPU.ActiveCfg = Debug|Any CPU
		{554AD327-6DBA-4F8F-96F8-81CE7A0C863F}.Debug|Any CPU.Build.0 = Debug|Any CPU
		{554AD327-6DBA-4F8F-96F8-81CE7A0C863F}.Release|Any CPU.ActiveCfg = Release|Any CPU
		{554AD327-6DBA-4F8F-96F8-81CE7A0C863F}.Release|Any CPU.Build.0 = Release|Any CPU
		{1A94A50E-06DC-43C1-80B5-B662820EC3EB}.Debug|Any CPU.ActiveCfg = Debug|Any CPU
		{1A94A50E-06DC-43C1-80B5-B662820EC3EB}.Debug|Any CPU.Build.0 = Debug|Any CPU
		{1A94A50E-06DC-43C1-80B5-B662820EC3EB}.Release|Any CPU.ActiveCfg = Release|Any CPU
		{1A94A50E-06DC-43C1-80B5-B662820EC3EB}.Release|Any CPU.Build.0 = Release|Any CPU
		{C956DD76-69C8-4A9C-83EA-D17DF83340FD}.Debug|Any CPU.ActiveCfg = Debug|Any CPU
		{C956DD76-69C8-4A9C-83EA-D17DF83340FD}.Debug|Any CPU.Build.0 = Debug|Any CPU
		{C956DD76-69C8-4A9C-83EA-D17DF83340FD}.Release|Any CPU.ActiveCfg = Release|Any CPU
		{C956DD76-69C8-4A9C-83EA-D17DF83340FD}.Release|Any CPU.Build.0 = Release|Any CPU
		{50B2631D-129C-47B3-A587-029CCD6099BC}.Debug|Any CPU.ActiveCfg = Debug|Any CPU
		{50B2631D-129C-47B3-A587-029CCD6099BC}.Debug|Any CPU.Build.0 = Debug|Any CPU
		{50B2631D-129C-47B3-A587-029CCD6099BC}.Release|Any CPU.ActiveCfg = Release|Any CPU
		{50B2631D-129C-47B3-A587-029CCD6099BC}.Release|Any CPU.Build.0 = Release|Any CPU
		{42F719ED-8413-4895-B5B4-5AB56079BC66}.Debug|Any CPU.ActiveCfg = Debug|Any CPU
		{42F719ED-8413-4895-B5B4-5AB56079BC66}.Debug|Any CPU.Build.0 = Debug|Any CPU
		{42F719ED-8413-4895-B5B4-5AB56079BC66}.Release|Any CPU.ActiveCfg = Release|Any CPU
		{42F719ED-8413-4895-B5B4-5AB56079BC66}.Release|Any CPU.Build.0 = Release|Any CPU
		{520659C8-C734-4298-A3DA-B539DB9DFC0B}.Debug|Any CPU.ActiveCfg = Debug|Any CPU
		{520659C8-C734-4298-A3DA-B539DB9DFC0B}.Debug|Any CPU.Build.0 = Debug|Any CPU
		{520659C8-C734-4298-A3DA-B539DB9DFC0B}.Release|Any CPU.ActiveCfg = Release|Any CPU
		{520659C8-C734-4298-A3DA-B539DB9DFC0B}.Release|Any CPU.Build.0 = Release|Any CPU
		{4164BDF7-F527-4E85-9CE6-E3C2D7426A27}.Debug|Any CPU.ActiveCfg = Debug|Any CPU
		{4164BDF7-F527-4E85-9CE6-E3C2D7426A27}.Debug|Any CPU.Build.0 = Debug|Any CPU
		{4164BDF7-F527-4E85-9CE6-E3C2D7426A27}.Release|Any CPU.ActiveCfg = Release|Any CPU
		{4164BDF7-F527-4E85-9CE6-E3C2D7426A27}.Release|Any CPU.Build.0 = Release|Any CPU
		{3B5A0094-670D-4BB1-BFDD-61B88A8773DC}.Debug|Any CPU.ActiveCfg = Debug|Any CPU
		{3B5A0094-670D-4BB1-BFDD-61B88A8773DC}.Debug|Any CPU.Build.0 = Debug|Any CPU
		{3B5A0094-670D-4BB1-BFDD-61B88A8773DC}.Release|Any CPU.ActiveCfg = Release|Any CPU
		{3B5A0094-670D-4BB1-BFDD-61B88A8773DC}.Release|Any CPU.Build.0 = Release|Any CPU
		{1FE30EB9-74A9-47F5-A9F6-7B1FAB672D81}.Debug|Any CPU.ActiveCfg = Debug|Any CPU
		{1FE30EB9-74A9-47F5-A9F6-7B1FAB672D81}.Debug|Any CPU.Build.0 = Debug|Any CPU
		{1FE30EB9-74A9-47F5-A9F6-7B1FAB672D81}.Release|Any CPU.ActiveCfg = Release|Any CPU
		{1FE30EB9-74A9-47F5-A9F6-7B1FAB672D81}.Release|Any CPU.Build.0 = Release|Any CPU
		{91853F21-9CD9-4132-BC29-A7D5D84FFFE7}.Debug|Any CPU.ActiveCfg = Debug|Any CPU
		{91853F21-9CD9-4132-BC29-A7D5D84FFFE7}.Debug|Any CPU.Build.0 = Debug|Any CPU
		{91853F21-9CD9-4132-BC29-A7D5D84FFFE7}.Release|Any CPU.ActiveCfg = Release|Any CPU
		{91853F21-9CD9-4132-BC29-A7D5D84FFFE7}.Release|Any CPU.Build.0 = Release|Any CPU
		{E512F4D9-9375-480F-A2F6-A46509F9D824}.Debug|Any CPU.ActiveCfg = Debug|Any CPU
		{E512F4D9-9375-480F-A2F6-A46509F9D824}.Debug|Any CPU.Build.0 = Debug|Any CPU
		{E512F4D9-9375-480F-A2F6-A46509F9D824}.Release|Any CPU.ActiveCfg = Release|Any CPU
		{E512F4D9-9375-480F-A2F6-A46509F9D824}.Release|Any CPU.Build.0 = Release|Any CPU
		{EF480016-9127-4916-8735-D2466BDBC582}.Debug|Any CPU.ActiveCfg = Debug|Any CPU
		{EF480016-9127-4916-8735-D2466BDBC582}.Debug|Any CPU.Build.0 = Debug|Any CPU
		{EF480016-9127-4916-8735-D2466BDBC582}.Release|Any CPU.ActiveCfg = Release|Any CPU
		{EF480016-9127-4916-8735-D2466BDBC582}.Release|Any CPU.Build.0 = Release|Any CPU
		{70680696-BB1E-4383-BCB2-42C3767171FB}.Debug|Any CPU.ActiveCfg = Debug|Any CPU
		{70680696-BB1E-4383-BCB2-42C3767171FB}.Debug|Any CPU.Build.0 = Debug|Any CPU
		{70680696-BB1E-4383-BCB2-42C3767171FB}.Release|Any CPU.ActiveCfg = Release|Any CPU
		{70680696-BB1E-4383-BCB2-42C3767171FB}.Release|Any CPU.Build.0 = Release|Any CPU
		{96E5259E-59A3-4FAF-BCD1-5BF8E74EF82C}.Debug|Any CPU.ActiveCfg = Debug|Any CPU
		{96E5259E-59A3-4FAF-BCD1-5BF8E74EF82C}.Debug|Any CPU.Build.0 = Debug|Any CPU
		{96E5259E-59A3-4FAF-BCD1-5BF8E74EF82C}.Release|Any CPU.ActiveCfg = Release|Any CPU
		{96E5259E-59A3-4FAF-BCD1-5BF8E74EF82C}.Release|Any CPU.Build.0 = Release|Any CPU
		{2DC842B5-1705-4097-AD37-E889C1B97950}.Debug|Any CPU.ActiveCfg = Debug|Any CPU
		{2DC842B5-1705-4097-AD37-E889C1B97950}.Debug|Any CPU.Build.0 = Debug|Any CPU
		{2DC842B5-1705-4097-AD37-E889C1B97950}.Release|Any CPU.ActiveCfg = Release|Any CPU
		{2DC842B5-1705-4097-AD37-E889C1B97950}.Release|Any CPU.Build.0 = Release|Any CPU
		{9DF63919-581A-488B-BFE3-0622A500A56C}.Debug|Any CPU.ActiveCfg = Debug|Any CPU
		{9DF63919-581A-488B-BFE3-0622A500A56C}.Debug|Any CPU.Build.0 = Debug|Any CPU
		{9DF63919-581A-488B-BFE3-0622A500A56C}.Release|Any CPU.ActiveCfg = Release|Any CPU
		{9DF63919-581A-488B-BFE3-0622A500A56C}.Release|Any CPU.Build.0 = Release|Any CPU
		{A3F3F8C6-8F5A-33B2-1364-FBCF9C97C52B}.Debug|Any CPU.ActiveCfg = Debug|Any CPU
		{A3F3F8C6-8F5A-33B2-1364-FBCF9C97C52B}.Debug|Any CPU.Build.0 = Debug|Any CPU
		{A3F3F8C6-8F5A-33B2-1364-FBCF9C97C52B}.Release|Any CPU.ActiveCfg = Release|Any CPU
		{A3F3F8C6-8F5A-33B2-1364-FBCF9C97C52B}.Release|Any CPU.Build.0 = Release|Any CPU
		{1E03D828-6C59-FCFE-314E-D8FC74D2CED8}.Debug|Any CPU.ActiveCfg = Debug|Any CPU
		{1E03D828-6C59-FCFE-314E-D8FC74D2CED8}.Debug|Any CPU.Build.0 = Debug|Any CPU
		{1E03D828-6C59-FCFE-314E-D8FC74D2CED8}.Release|Any CPU.ActiveCfg = Release|Any CPU
		{1E03D828-6C59-FCFE-314E-D8FC74D2CED8}.Release|Any CPU.Build.0 = Release|Any CPU
		{705EDAB3-77FC-0E13-A6D4-87440D2F3807}.Debug|Any CPU.ActiveCfg = Debug|Any CPU
		{705EDAB3-77FC-0E13-A6D4-87440D2F3807}.Debug|Any CPU.Build.0 = Debug|Any CPU
		{705EDAB3-77FC-0E13-A6D4-87440D2F3807}.Release|Any CPU.ActiveCfg = Release|Any CPU
		{705EDAB3-77FC-0E13-A6D4-87440D2F3807}.Release|Any CPU.Build.0 = Release|Any CPU
		{CDFD23B3-BA2C-AFAD-230D-D506C1D90C40}.Debug|Any CPU.ActiveCfg = Debug|Any CPU
		{CDFD23B3-BA2C-AFAD-230D-D506C1D90C40}.Debug|Any CPU.Build.0 = Debug|Any CPU
		{CDFD23B3-BA2C-AFAD-230D-D506C1D90C40}.Release|Any CPU.ActiveCfg = Release|Any CPU
		{CDFD23B3-BA2C-AFAD-230D-D506C1D90C40}.Release|Any CPU.Build.0 = Release|Any CPU
		{00A414BC-1887-B88F-C41C-944009565A87}.Debug|Any CPU.ActiveCfg = Debug|Any CPU
		{00A414BC-1887-B88F-C41C-944009565A87}.Debug|Any CPU.Build.0 = Debug|Any CPU
		{00A414BC-1887-B88F-C41C-944009565A87}.Release|Any CPU.ActiveCfg = Release|Any CPU
		{00A414BC-1887-B88F-C41C-944009565A87}.Release|Any CPU.Build.0 = Release|Any CPU
		{FB1527D6-AA7C-1A0D-02E6-B123D878EC98}.Debug|Any CPU.ActiveCfg = Debug|Any CPU
		{FB1527D6-AA7C-1A0D-02E6-B123D878EC98}.Debug|Any CPU.Build.0 = Debug|Any CPU
		{FB1527D6-AA7C-1A0D-02E6-B123D878EC98}.Release|Any CPU.ActiveCfg = Release|Any CPU
		{FB1527D6-AA7C-1A0D-02E6-B123D878EC98}.Release|Any CPU.Build.0 = Release|Any CPU
		{804B0714-6AE4-E5EF-CAC3-0D4F8047814C}.Debug|Any CPU.ActiveCfg = Debug|Any CPU
		{804B0714-6AE4-E5EF-CAC3-0D4F8047814C}.Debug|Any CPU.Build.0 = Debug|Any CPU
		{804B0714-6AE4-E5EF-CAC3-0D4F8047814C}.Release|Any CPU.ActiveCfg = Release|Any CPU
		{804B0714-6AE4-E5EF-CAC3-0D4F8047814C}.Release|Any CPU.Build.0 = Release|Any CPU
		{8EF1102C-D658-62AA-5795-8BFC21ACC5EC}.Debug|Any CPU.ActiveCfg = Debug|Any CPU
		{8EF1102C-D658-62AA-5795-8BFC21ACC5EC}.Debug|Any CPU.Build.0 = Debug|Any CPU
		{8EF1102C-D658-62AA-5795-8BFC21ACC5EC}.Release|Any CPU.ActiveCfg = Release|Any CPU
		{8EF1102C-D658-62AA-5795-8BFC21ACC5EC}.Release|Any CPU.Build.0 = Release|Any CPU
		{5B2DB256-4D83-C973-FDA3-0531E8A08A65}.Debug|Any CPU.ActiveCfg = Debug|Any CPU
		{5B2DB256-4D83-C973-FDA3-0531E8A08A65}.Debug|Any CPU.Build.0 = Debug|Any CPU
		{5B2DB256-4D83-C973-FDA3-0531E8A08A65}.Release|Any CPU.ActiveCfg = Release|Any CPU
		{5B2DB256-4D83-C973-FDA3-0531E8A08A65}.Release|Any CPU.Build.0 = Release|Any CPU
		{83D1616E-EFDF-EF69-43C1-7EE7B36F3A8C}.Debug|Any CPU.ActiveCfg = Debug|Any CPU
		{83D1616E-EFDF-EF69-43C1-7EE7B36F3A8C}.Debug|Any CPU.Build.0 = Debug|Any CPU
		{83D1616E-EFDF-EF69-43C1-7EE7B36F3A8C}.Release|Any CPU.ActiveCfg = Release|Any CPU
		{83D1616E-EFDF-EF69-43C1-7EE7B36F3A8C}.Release|Any CPU.Build.0 = Release|Any CPU
		{877D8AAC-E9F9-2847-2C2B-5C681E30EBCE}.Debug|Any CPU.ActiveCfg = Debug|Any CPU
		{877D8AAC-E9F9-2847-2C2B-5C681E30EBCE}.Debug|Any CPU.Build.0 = Debug|Any CPU
		{877D8AAC-E9F9-2847-2C2B-5C681E30EBCE}.Release|Any CPU.ActiveCfg = Release|Any CPU
		{877D8AAC-E9F9-2847-2C2B-5C681E30EBCE}.Release|Any CPU.Build.0 = Release|Any CPU
	EndGlobalSection
	GlobalSection(SolutionProperties) = preSolution
		HideSolutionNode = FALSE
	EndGlobalSection
	GlobalSection(NestedProjects) = preSolution
		{554AD327-6DBA-4F8F-96F8-81CE7A0C863F} = {CA9AC87F-097E-4F15-8393-4BC07735A5B0}
		{1A94A50E-06DC-43C1-80B5-B662820EC3EB} = {CA9AC87F-097E-4F15-8393-4BC07735A5B0}
		{C956DD76-69C8-4A9C-83EA-D17DF83340FD} = {CA9AC87F-097E-4F15-8393-4BC07735A5B0}
		{50B2631D-129C-47B3-A587-029CCD6099BC} = {04DBDB01-70F4-4E06-B468-8F87850B22BE}
		{42F719ED-8413-4895-B5B4-5AB56079BC66} = {CA9AC87F-097E-4F15-8393-4BC07735A5B0}
		{520659C8-C734-4298-A3DA-B539DB9DFC0B} = {CA9AC87F-097E-4F15-8393-4BC07735A5B0}
		{4164BDF7-F527-4E85-9CE6-E3C2D7426A27} = {CA9AC87F-097E-4F15-8393-4BC07735A5B0}
		{3B5A0094-670D-4BB1-BFDD-61B88A8773DC} = {CA9AC87F-097E-4F15-8393-4BC07735A5B0}
		{1FE30EB9-74A9-47F5-A9F6-7B1FAB672D81} = {04DBDB01-70F4-4E06-B468-8F87850B22BE}
		{91853F21-9CD9-4132-BC29-A7D5D84FFFE7} = {04DBDB01-70F4-4E06-B468-8F87850B22BE}
		{E512F4D9-9375-480F-A2F6-A46509F9D824} = {04DBDB01-70F4-4E06-B468-8F87850B22BE}
		{EF480016-9127-4916-8735-D2466BDBC582} = {04DBDB01-70F4-4E06-B468-8F87850B22BE}
		{70680696-BB1E-4383-BCB2-42C3767171FB} = {CA9AC87F-097E-4F15-8393-4BC07735A5B0}
		{96E5259E-59A3-4FAF-BCD1-5BF8E74EF82C} = {CA9AC87F-097E-4F15-8393-4BC07735A5B0}
		{2DC842B5-1705-4097-AD37-E889C1B97950} = {CA9AC87F-097E-4F15-8393-4BC07735A5B0}
		{9DF63919-581A-488B-BFE3-0622A500A56C} = {CA9AC87F-097E-4F15-8393-4BC07735A5B0}
		{B572B0E6-428F-468F-9761-6692D2CB24E9} = {02EA681E-C7D8-13C7-8484-4AC65E1B71E8}
		{A3F3F8C6-8F5A-33B2-1364-FBCF9C97C52B} = {B572B0E6-428F-468F-9761-6692D2CB24E9}
		{1E03D828-6C59-FCFE-314E-D8FC74D2CED8} = {B572B0E6-428F-468F-9761-6692D2CB24E9}
		{705EDAB3-77FC-0E13-A6D4-87440D2F3807} = {B572B0E6-428F-468F-9761-6692D2CB24E9}
		{CDFD23B3-BA2C-AFAD-230D-D506C1D90C40} = {B572B0E6-428F-468F-9761-6692D2CB24E9}
		{00A414BC-1887-B88F-C41C-944009565A87} = {B572B0E6-428F-468F-9761-6692D2CB24E9}
		{FB1527D6-AA7C-1A0D-02E6-B123D878EC98} = {B572B0E6-428F-468F-9761-6692D2CB24E9}
		{804B0714-6AE4-E5EF-CAC3-0D4F8047814C} = {B572B0E6-428F-468F-9761-6692D2CB24E9}
		{8EF1102C-D658-62AA-5795-8BFC21ACC5EC} = {B572B0E6-428F-468F-9761-6692D2CB24E9}
		{5B2DB256-4D83-C973-FDA3-0531E8A08A65} = {B572B0E6-428F-468F-9761-6692D2CB24E9}
		{83D1616E-EFDF-EF69-43C1-7EE7B36F3A8C} = {B572B0E6-428F-468F-9761-6692D2CB24E9}
		{877D8AAC-E9F9-2847-2C2B-5C681E30EBCE} = {B572B0E6-428F-468F-9761-6692D2CB24E9}
	EndGlobalSection
	GlobalSection(ExtensibilityGlobals) = postSolution
		SolutionGuid = {28315BFD-90E7-4E14-A2EA-F3D23AF4126F}
	EndGlobalSection
EndGlobal
